
Microsoft Visual Studio Solution File, Format Version 12.00
# Visual Studio Version 17
VisualStudioVersion = 17.5.002.0
MinimumVisualStudioVersion = 10.0.40219.1
Project("{9A19103F-16F7-4668-BE54-9A1E7A4F7556}") = "skolRepo", "skolRepo.csproj", "{435325BE-8B7D-47CA-B0AC-81F4E0D9629E}"
EndProject
Global
	GlobalSection(SolutionConfigurationPlatforms) = preSolution
		Debug|Any CPU = Debug|Any CPU
		Release|Any CPU = Release|Any CPU
	EndGlobalSection
	GlobalSection(ProjectConfigurationPlatforms) = postSolution
		{435325BE-8B7D-47CA-B0AC-81F4E0D9629E}.Debug|Any CPU.ActiveCfg = Debug|Any CPU
		{435325BE-8B7D-47CA-B0AC-81F4E0D9629E}.Debug|Any CPU.Build.0 = Debug|Any CPU
		{435325BE-8B7D-47CA-B0AC-81F4E0D9629E}.Release|Any CPU.ActiveCfg = Release|Any CPU
		{435325BE-8B7D-47CA-B0AC-81F4E0D9629E}.Release|Any CPU.Build.0 = Release|Any CPU
	EndGlobalSection
	GlobalSection(SolutionProperties) = preSolution
		HideSolutionNode = FALSE
	EndGlobalSection
	GlobalSection(ExtensibilityGlobals) = postSolution
		SolutionGuid = {4B1CA328-CCDD-4D97-83BF-5E7F8F235BFD}
	EndGlobalSection
EndGlobal
